
Microsoft Visual Studio Solution File, Format Version 12.00
# Visual Studio Version 16
VisualStudioVersion = 16.0.30011.22
MinimumVisualStudioVersion = 10.0.40219.1
Project("{FAE04EC0-301F-11D3-BF4B-00C04F79EFBC}") = "Mid term", "Mid term\Mid term.csproj", "{A86B0669-B8E1-46D6-9EBF-4127CA8CE361}"
EndProject
Global
	GlobalSection(SolutionConfigurationPlatforms) = preSolution
		Debug|Any CPU = Debug|Any CPU
		Release|Any CPU = Release|Any CPU
	EndGlobalSection
	GlobalSection(ProjectConfigurationPlatforms) = postSolution
		{A86B0669-B8E1-46D6-9EBF-4127CA8CE361}.Debug|Any CPU.ActiveCfg = Debug|Any CPU
		{A86B0669-B8E1-46D6-9EBF-4127CA8CE361}.Debug|Any CPU.Build.0 = Debug|Any CPU
		{A86B0669-B8E1-46D6-9EBF-4127CA8CE361}.Release|Any CPU.ActiveCfg = Release|Any CPU
		{A86B0669-B8E1-46D6-9EBF-4127CA8CE361}.Release|Any CPU.Build.0 = Release|Any CPU
	EndGlobalSection
	GlobalSection(SolutionProperties) = preSolution
		HideSolutionNode = FALSE
	EndGlobalSection
	GlobalSection(ExtensibilityGlobals) = postSolution
		SolutionGuid = {6233D43A-1590-48CD-A3F6-C5A5D1848FF4}
	EndGlobalSection
EndGlobal
